
Microsoft Visual Studio Solution File, Format Version 12.00
# Visual Studio Version 17
VisualStudioVersion = 17.14.36915.13 d17.14
MinimumVisualStudioVersion = 10.0.40219.1
Project("{FAE04EC0-301F-11D3-BF4B-00C04F79EFBC}") = "RestoManager.Api", "RestoManager.Api.csproj", "{3A211E3D-43F7-4704-8CC9-9408FEED8997}"
EndProject
Project("{FAE04EC0-301F-11D3-BF4B-00C04F79EFBC}") = "RestoManager.Model", "..\RestoManager.Model\RestoManager.Model.csproj", "{5BFF3519-A441-4009-8589-ABD58D575E42}"
EndProject
Global
	GlobalSection(SolutionConfigurationPlatforms) = preSolution
		Debug|Any CPU = Debug|Any CPU
		Release|Any CPU = Release|Any CPU
	EndGlobalSection
	GlobalSection(ProjectConfigurationPlatforms) = postSolution
		{3A211E3D-43F7-4704-8CC9-9408FEED8997}.Debug|Any CPU.ActiveCfg = Debug|Any CPU
		{3A211E3D-43F7-4704-8CC9-9408FEED8997}.Debug|Any CPU.Build.0 = Debug|Any CPU
		{3A211E3D-43F7-4704-8CC9-9408FEED8997}.Release|Any CPU.ActiveCfg = Release|Any CPU
		{3A211E3D-43F7-4704-8CC9-9408FEED8997}.Release|Any CPU.Build.0 = Release|Any CPU
		{5BFF3519-A441-4009-8589-ABD58D575E42}.Debug|Any CPU.ActiveCfg = Debug|Any CPU
		{5BFF3519-A441-4009-8589-ABD58D575E42}.Debug|Any CPU.Build.0 = Debug|Any CPU
		{5BFF3519-A441-4009-8589-ABD58D575E42}.Release|Any CPU.ActiveCfg = Release|Any CPU
		{5BFF3519-A441-4009-8589-ABD58D575E42}.Release|Any CPU.Build.0 = Release|Any CPU
	EndGlobalSection
	GlobalSection(SolutionProperties) = preSolution
		HideSolutionNode = FALSE
	EndGlobalSection
	GlobalSection(ExtensibilityGlobals) = postSolution
		SolutionGuid = {1208CBA1-82F0-4110-8245-53C99185045A}
	EndGlobalSection
EndGlobal
